PODS:
  - Alamofire (5.9.1)
  - CwlCatchException (2.2.0):
    - CwlCatchExceptionSupport (~> 2.2.0)
  - CwlCatchExceptionSupport (2.2.0)
  - CwlMachBadInstructionHandler (2.2.0)
  - CwlPosixPreconditionTesting (2.2.0)
  - CwlPreconditionTesting (2.2.1):
    - CwlCatchException (~> 2.2.0)
    - CwlMachBadInstructionHandler (~> 2.2.0)
    - CwlPosixPreconditionTesting (~> 2.2.0)
  - Differentiator (5.0.0)
  - JGProgressHUD (2.2)
  - Kingfisher (7.11.0)
  - MJRefresh (3.7.9)
  - Nimble (13.3.0):
    - CwlPreconditionTesting (~> 2.2.0)
  - Quick (7.5.0)
  - RxAlamofire (6.1.1):
    - RxAlamofire/Core (= 6.1.1)
  - RxAlamofire/Core (6.1.1):
    - Alamofire (~> 5.4)
    - RxSwift (~> 6.0)
  - RxCocoa (6.6.0):
    - RxRelay (= 6.6.0)
    - RxSwift (= 6.6.0)
  - RxDataSources (5.0.0):
    - Differentiator (~> 5.0)
    - RxCocoa (~> 6.0)
    - RxSwift (~> 6.0)
  - RxRelay (6.6.0):
    - RxSwift (= 6.6.0)
  - RxSwift (6.6.0)
  - RxTheme (6.0.0):
    - RxCocoa (~> 6.0)
    - RxSwift (~> 6.0)
  - SnapKit (5.7.1)
  - Toast-Swift (4.0.1)
  - YoutubePlayerView (1.2.1)

DEPENDENCIES:
  - Alamofire
  - JGProgressHUD
  - Kingfisher (~> 7.0)
  - MJRefresh
  - Nimble
  - Quick
  - RxAlamofire
  - RxCocoa
  - RxDataSources
  - RxSwift
  - RxTheme
  - SnapKit
  - Toast-Swift (~> 4.0.0)
  - YoutubePlayerView

SPEC REPOS:
  trunk:
    - Alamofire
    - CwlCatchException
    - CwlCatchExceptionSupport
    - CwlMachBadInstructionHandler
    - CwlPosixPreconditionTesting
    - CwlPreconditionTesting
    - Differentiator
    - JGProgressHUD
    - Kingfisher
    - MJRefresh
    - Nimble
    - Quick
    - RxAlamofire
    - RxCocoa
    - RxDataSources
    - RxRelay
    - RxSwift
    - RxTheme
    - SnapKit
    - Toast-Swift
    - YoutubePlayerView

SPEC CHECKSUMS:
  Alamofire: f36a35757af4587d8e4f4bfa223ad10be2422b8c
  CwlCatchException: 51bf8319009a31104ea6f0568730d1ecc25b6454
  CwlCatchExceptionSupport: 1345d6adb01a505933f2bc972dab60dcb9ce3e50
  CwlMachBadInstructionHandler: ea1030428925d9bf340882522af30712fb4bf356
  CwlPosixPreconditionTesting: a125dee731883f2582715f548c6b6c92c7fde145
  CwlPreconditionTesting: ccfd08aca58d14e04062b2a3dd2fd52e09857453
  Differentiator: e8497ceab83c1b10ca233716d547b9af21b9344d
  JGProgressHUD: d83d7a981b85d11205e19ff8ad5bb9c40571c847
  Kingfisher: b9c985d864d43515f404f1ef4a8ce7d802ace3ac
  MJRefresh: ff9e531227924c84ce459338414550a05d2aea78
  Nimble: 3ac6c6b0b7e9835d1540b6507d8054b12a415536
  Quick: 2b651168441479b949ba987f3cee41a9cc53aa32
  RxAlamofire: beb75a1c452d0de225651db4903f5d29d034a620
  RxCocoa: 44a80de90e25b739b5aeaae3c8c371a32e3343cc
  RxDataSources: aa47cc1ed6c500fa0dfecac5c979b723542d79cf
  RxRelay: 45eaa5db8ee4fb50e5ebd57deec0159e97fa51e6
  RxSwift: a4b44f7d24599f674deebd1818eab82e58410632
  RxTheme: be60cb14e0544b3cbd574cc37fed35ba9d61aa1f
  SnapKit: d612e99e678a2d3b95bf60b0705ed0a35c03484a
  Toast-Swift: e42a638589a2f95036b4bb7626cfbdde7daf0393
  YoutubePlayerView: 3870fc10f2db3f54156697757f44d304203bdc7e

PODFILE CHECKSUM: 4475f0a743454abdb905350d7be4bc028e62720e

COCOAPODS: 1.14.3
